{
  "version": 4,
  "terraform_version": "1.10.2",
  "serial": 16,
  "lineage": "998bc2c0-3138-ef26-e03e-bd8faf3f8d42",
  "outputs": {},
  "resources": [
    {
      "module": "module.ec2",
      "mode": "managed",
      "type": "aws_instance",
      "name": "control_node",
      "provider": "provider[\"registry.terraform.io/hashicorp/aws\"]",
      "instances": [
        {
          "index_key": 0,
          "schema_version": 1,
          "attributes": {
            "ami": "ami-00a929b66ed6e0de6",
            "arn": "arn:aws:ec2:us-east-1:058264407486:instance/i-026f165e2e7c4b820",
            "associate_public_ip_address": true,
            "availability_zone": "us-east-1b",
            "capacity_reservation_specification": [
              {
                "capacity_reservation_preference": "open",
                "capacity_reservation_target": []
              }
            ],
            "cpu_core_count": 1,
            "cpu_options": [
              {
                "amd_sev_snp": "",
                "core_count": 1,
                "threads_per_core": 1
              }
            ],
            "cpu_threads_per_core": 1,
            "credit_specification": [
              {
                "cpu_credits": "standard"
              }
            ],
            "disable_api_stop": false,
            "disable_api_termination": false,
            "ebs_block_device": [],
            "ebs_optimized": false,
            "enable_primary_ipv6": null,
            "enclave_options": [
              {
                "enabled": false
              }
            ],
            "ephemeral_block_device": [],
            "get_password_data": false,
            "hibernation": false,
            "host_id": "",
            "host_resource_group_arn": null,
            "iam_instance_profile": "",
            "id": "i-026f165e2e7c4b820",
            "instance_initiated_shutdown_behavior": "stop",
            "instance_lifecycle": "",
            "instance_market_options": [],
            "instance_state": "running",
            "instance_type": "t2.micro",
            "ipv6_address_count": 0,
            "ipv6_addresses": [],
            "key_name": "ansible-key",
            "launch_template": [],
            "maintenance_options": [
              {
                "auto_recovery": "default"
              }
            ],
            "metadata_options": [
              {
                "http_endpoint": "enabled",
                "http_protocol_ipv6": "disabled",
                "http_put_response_hop_limit": 2,
                "http_tokens": "required",
                "instance_metadata_tags": "disabled"
              }
            ],
            "monitoring": false,
            "network_interface": [],
            "outpost_arn": "",
            "password_data": "",
            "placement_group": "",
            "placement_partition_number": 0,
            "primary_network_interface_id": "eni-06e5c1b7803c89237",
            "private_dns": "ip-10-0-1-48.ec2.internal",
            "private_dns_name_options": [
              {
                "enable_resource_name_dns_a_record": false,
                "enable_resource_name_dns_aaaa_record": false,
                "hostname_type": "ip-name"
              }
            ],
            "private_ip": "10.0.1.48",
            "public_dns": "ec2-44-201-0-131.compute-1.amazonaws.com",
            "public_ip": "44.201.0.131",
            "root_block_device": [
              {
                "delete_on_termination": true,
                "device_name": "/dev/xvda",
                "encrypted": false,
                "iops": 3000,
                "kms_key_id": "",
                "tags": {},
                "tags_all": {},
                "throughput": 125,
                "volume_id": "vol-0a473881f41f3bf85",
                "volume_size": 8,
                "volume_type": "gp3"
              }
            ],
            "secondary_private_ips": [],
            "security_groups": [],
            "source_dest_check": true,
            "spot_instance_request_id": "",
            "subnet_id": "subnet-0cb15f9d1724f59fb",
            "tags": {
              "Name": "ansible-control-node"
            },
            "tags_all": {
              "Name": "ansible-control-node"
            },
            "tenancy": "default",
            "timeouts": null,
            "user_data": null,
            "user_data_base64": null,
            "user_data_replace_on_change": false,
            "volume_tags": null,
            "vpc_security_group_ids": [
              "sg-04c97c57c19c5a662"
            ]
          },
          "sensitive_attributes": [],
          "private": "eyJlMmJmYjczMC1lY2FhLTExZTYtOGY4OC0zNDM2M2JjN2M0YzAiOnsiY3JlYXRlIjo2MDAwMDAwMDAwMDAsImRlbGV0ZSI6MTIwMDAwMDAwMDAwMCwicmVhZCI6OTAwMDAwMDAwMDAwLCJ1cGRhdGUiOjYwMDAwMDAwMDAwMH0sInNjaGVtYV92ZXJzaW9uIjoiMSJ9",
          "dependencies": [
            "module.ec2.aws_key_pair.generated",
            "module.ec2.aws_security_group.ec2_sg",
            "module.ec2.tls_private_key.ssh",
            "module.vpc.aws_subnet.public",
            "module.vpc.aws_vpc.main"
          ]
        }
      ]
    },
    {
      "module": "module.ec2",
      "mode": "managed",
      "type": "aws_instance",
      "name": "ec2",
      "provider": "provider[\"registry.terraform.io/hashicorp/aws\"]",
      "instances": [
        {
          "index_key": 0,
          "schema_version": 1,
          "attributes": {
            "ami": "ami-00a929b66ed6e0de6",
            "arn": "arn:aws:ec2:us-east-1:058264407486:instance/i-04e2a7f6fabb95d6a",
            "associate_public_ip_address": true,
            "availability_zone": "us-east-1b",
            "capacity_reservation_specification": [
              {
                "capacity_reservation_preference": "open",
                "capacity_reservation_target": []
              }
            ],
            "cpu_core_count": 1,
            "cpu_options": [
              {
                "amd_sev_snp": "",
                "core_count": 1,
                "threads_per_core": 1
              }
            ],
            "cpu_threads_per_core": 1,
            "credit_specification": [
              {
                "cpu_credits": "standard"
              }
            ],
            "disable_api_stop": false,
            "disable_api_termination": false,
            "ebs_block_device": [],
            "ebs_optimized": false,
            "enable_primary_ipv6": null,
            "enclave_options": [
              {
                "enabled": false
              }
            ],
            "ephemeral_block_device": [],
            "get_password_data": false,
            "hibernation": false,
            "host_id": "",
            "host_resource_group_arn": null,
            "iam_instance_profile": "",
            "id": "i-04e2a7f6fabb95d6a",
            "instance_initiated_shutdown_behavior": "stop",
            "instance_lifecycle": "",
            "instance_market_options": [],
            "instance_state": "running",
            "instance_type": "t2.micro",
            "ipv6_address_count": 0,
            "ipv6_addresses": [],
            "key_name": "ansible-key",
            "launch_template": [],
            "maintenance_options": [
              {
                "auto_recovery": "default"
              }
            ],
            "metadata_options": [
              {
                "http_endpoint": "enabled",
                "http_protocol_ipv6": "disabled",
                "http_put_response_hop_limit": 2,
                "http_tokens": "required",
                "instance_metadata_tags": "disabled"
              }
            ],
            "monitoring": false,
            "network_interface": [],
            "outpost_arn": "",
            "password_data": "",
            "placement_group": "",
            "placement_partition_number": 0,
            "primary_network_interface_id": "eni-0f7789333a05c88a1",
            "private_dns": "ip-10-0-2-55.ec2.internal",
            "private_dns_name_options": [
              {
                "enable_resource_name_dns_a_record": false,
                "enable_resource_name_dns_aaaa_record": false,
                "hostname_type": "ip-name"
              }
            ],
            "private_ip": "10.0.2.55",
            "public_dns": "ec2-44-202-182-152.compute-1.amazonaws.com",
            "public_ip": "44.202.182.152",
            "root_block_device": [
              {
                "delete_on_termination": true,
                "device_name": "/dev/xvda",
                "encrypted": false,
                "iops": 3000,
                "kms_key_id": "",
                "tags": {},
                "tags_all": {},
                "throughput": 125,
                "volume_id": "vol-083e293fba2907905",
                "volume_size": 8,
                "volume_type": "gp3"
              }
            ],
            "secondary_private_ips": [],
            "security_groups": [],
            "source_dest_check": true,
            "spot_instance_request_id": "",
            "subnet_id": "subnet-0cfe8850ce0598a90",
            "tags": {
              "Name": "ansible-managed-node-2"
            },
            "tags_all": {
              "Name": "ansible-managed-node-2"
            },
            "tenancy": "default",
            "timeouts": null,
            "user_data": null,
            "user_data_base64": null,
            "user_data_replace_on_change": false,
            "volume_tags": null,
            "vpc_security_group_ids": [
              "sg-04c97c57c19c5a662"
            ]
          },
          "sensitive_attributes": [],
          "private": "eyJlMmJmYjczMC1lY2FhLTExZTYtOGY4OC0zNDM2M2JjN2M0YzAiOnsiY3JlYXRlIjo2MDAwMDAwMDAwMDAsImRlbGV0ZSI6MTIwMDAwMDAwMDAwMCwicmVhZCI6OTAwMDAwMDAwMDAwLCJ1cGRhdGUiOjYwMDAwMDAwMDAwMH0sInNjaGVtYV92ZXJzaW9uIjoiMSJ9",
          "dependencies": [
            "module.ec2.aws_security_group.ec2_sg",
            "module.vpc.aws_subnet.public",
            "module.vpc.aws_vpc.main"
          ]
        },
        {
          "index_key": 1,
          "schema_version": 1,
          "attributes": {
            "ami": "ami-00a929b66ed6e0de6",
            "arn": "arn:aws:ec2:us-east-1:058264407486:instance/i-0eed8ab85abb0e3f5",
            "associate_public_ip_address": true,
            "availability_zone": "us-east-1b",
            "capacity_reservation_specification": [
              {
                "capacity_reservation_preference": "open",
                "capacity_reservation_target": []
              }
            ],
            "cpu_core_count": 1,
            "cpu_options": [
              {
                "amd_sev_snp": "",
                "core_count": 1,
                "threads_per_core": 1
              }
            ],
            "cpu_threads_per_core": 1,
            "credit_specification": [
              {
                "cpu_credits": "standard"
              }
            ],
            "disable_api_stop": false,
            "disable_api_termination": false,
            "ebs_block_device": [],
            "ebs_optimized": false,
            "enable_primary_ipv6": null,
            "enclave_options": [
              {
                "enabled": false
              }
            ],
            "ephemeral_block_device": [],
            "get_password_data": false,
            "hibernation": false,
            "host_id": "",
            "host_resource_group_arn": null,
            "iam_instance_profile": "",
            "id": "i-0eed8ab85abb0e3f5",
            "instance_initiated_shutdown_behavior": "stop",
            "instance_lifecycle": "",
            "instance_market_options": [],
            "instance_state": "running",
            "instance_type": "t2.micro",
            "ipv6_address_count": 0,
            "ipv6_addresses": [],
            "key_name": "ansible-key",
            "launch_template": [],
            "maintenance_options": [
              {
                "auto_recovery": "default"
              }
            ],
            "metadata_options": [
              {
                "http_endpoint": "enabled",
                "http_protocol_ipv6": "disabled",
                "http_put_response_hop_limit": 2,
                "http_tokens": "required",
                "instance_metadata_tags": "disabled"
              }
            ],
            "monitoring": false,
            "network_interface": [],
            "outpost_arn": "",
            "password_data": "",
            "placement_group": "",
            "placement_partition_number": 0,
            "primary_network_interface_id": "eni-0e3e5e661ade530bb",
            "private_dns": "ip-10-0-1-240.ec2.internal",
            "private_dns_name_options": [
              {
                "enable_resource_name_dns_a_record": false,
                "enable_resource_name_dns_aaaa_record": false,
                "hostname_type": "ip-name"
              }
            ],
            "private_ip": "10.0.1.240",
            "public_dns": "ec2-34-234-223-111.compute-1.amazonaws.com",
            "public_ip": "34.234.223.111",
            "root_block_device": [
              {
                "delete_on_termination": true,
                "device_name": "/dev/xvda",
                "encrypted": false,
                "iops": 3000,
                "kms_key_id": "",
                "tags": {},
                "tags_all": {},
                "throughput": 125,
                "volume_id": "vol-0de7cb14b949a781d",
                "volume_size": 8,
                "volume_type": "gp3"
              }
            ],
            "secondary_private_ips": [],
            "security_groups": [],
            "source_dest_check": true,
            "spot_instance_request_id": "",
            "subnet_id": "subnet-0cb15f9d1724f59fb",
            "tags": {
              "Name": "ansible-managed-node-3"
            },
            "tags_all": {
              "Name": "ansible-managed-node-3"
            },
            "tenancy": "default",
            "timeouts": null,
            "user_data": null,
            "user_data_base64": null,
            "user_data_replace_on_change": false,
            "volume_tags": null,
            "vpc_security_group_ids": [
              "sg-04c97c57c19c5a662"
            ]
          },
          "sensitive_attributes": [],
          "private": "eyJlMmJmYjczMC1lY2FhLTExZTYtOGY4OC0zNDM2M2JjN2M0YzAiOnsiY3JlYXRlIjo2MDAwMDAwMDAwMDAsImRlbGV0ZSI6MTIwMDAwMDAwMDAwMCwicmVhZCI6OTAwMDAwMDAwMDAwLCJ1cGRhdGUiOjYwMDAwMDAwMDAwMH0sInNjaGVtYV92ZXJzaW9uIjoiMSJ9",
          "dependencies": [
            "module.ec2.aws_security_group.ec2_sg",
            "module.vpc.aws_subnet.public",
            "module.vpc.aws_vpc.main"
          ]
        }
      ]
    },
    {
      "module": "module.ec2",
      "mode": "managed",
      "type": "aws_key_pair",
      "name": "generated",
      "provider": "provider[\"registry.terraform.io/hashicorp/aws\"]",
      "instances": [
        {
          "index_key": 0,
          "schema_version": 1,
          "attributes": {
            "arn": "arn:aws:ec2:us-east-1:058264407486:key-pair/ansible-key",
            "fingerprint": "91:ba:cc:b9:81:03:06:eb:6b:00:5a:2c:5f:14:6e:c3",
            "id": "ansible-key",
            "key_name": "ansible-key",
            "key_name_prefix": "",
            "key_pair_id": "key-0c5315cbe0f228e46",
            "key_type": "rsa",
            "public_key": "ssh-rsa AAAAB3NzaC1yc2EAAAADAQABAAACAQDYoduuFYYDcW3jWB09VqdbQbVt4DiI1T68rXuJ0MNVZqYaHbKjx3TpHBQYnyptJX2xHBOZXIDoowlz11q1eiOWRGItexzE0s3W8CpAWCE3EUJvPUBwSyfLOGTM3g8gEG2tj1GteN2zB85e0YxA7NI64A4Pa1gUXTfihvN96BuEmFt74AhhbjG6TpGpqMqnSDenN8MUDm47zDdkjZiBuurhHPJ4zhB4Vg15P1fvacM2hmjd874YJgHHP2il81ngDBbPkYtRjJ6gUz6l0pY2GElJCAivLNZ6eg17EtxIkzn6npBSUin5SqDJqsXnsHSPPGL5zznOFSG7PI7jiMun9FcGnqJO4zcgxG2N2pg9wAmiyHuv0oaiaotKK6HVbOJgdCyuvBCngUniYqd3eXOgQlK704byCoTqalMuQgfQGfWyRC95h0k55F+TY+1SlbX9UjbvEw9u++VwlBXxmgXDgL7ZLnIEpk91m1uuSe6mCe7/9jYTYGxOPiZb7SAkqVnGKdeTbsWS+VY2LsLV7OnNnrGzyyA0a/PilHPnPkSUrrJ1Q20zHhm2hu7MzdeKU2XtEgsU2wMsfEzRAB6GwFxv6KoK8hLq4CQM/ZtWJEskb1IsuScjZ+IskLm9uugcvilKELSFRBQKxIFp2PODpIHhsEbOrYveW/PCkRr6n8y0LbkeSw==",
            "tags": null,
            "tags_all": {}
          },
          "sensitive_attributes": [],
          "private": "eyJzY2hlbWFfdmVyc2lvbiI6IjEifQ==",
          "dependencies": [
            "module.ec2.tls_private_key.ssh"
          ]
        }
      ]
    },
    {
      "module": "module.ec2",
      "mode": "managed",
      "type": "aws_s3_object",
      "name": "private_key_upload",
      "provider": "provider[\"registry.terraform.io/hashicorp/aws\"]",
      "instances": [
        {
          "index_key": 0,
          "schema_version": 0,
          "attributes": {
            "acl": null,
            "arn": "arn:aws:s3:::my-ansible-ssh-key-bucket/ansible-key.pem",
            "bucket": "my-ansible-ssh-key-bucket",
            "bucket_key_enabled": false,
            "cache_control": "",
            "checksum_algorithm": null,
            "checksum_crc32": "",
            "checksum_crc32c": "",
            "checksum_crc64nvme": "",
            "checksum_sha1": "",
            "checksum_sha256": "",
            "content": "-----BEGIN RSA PRIVATE KEY-----\nMIIJKQIBAAKCAgEA2KHbrhWGA3Ft41gdPVanW0G1beA4iNU+vK17idDDVWamGh2y\no8d06RwUGJ8qbSV9sRwTmVyA6KMJc9datXojlkRiLXscxNLN1vAqQFghNxFCbz1A\ncEsnyzhkzN4PIBBtrY9RrXjdswfOXtGMQOzSOuAOD2tYFF034obzfegbhJhbe+AI\nYW4xuk6RqajKp0g3pzfDFA5uO8w3ZI2Ygbrq4RzyeM4QeFYNeT9X72nDNoZo3fO+\nGCYBxz9opfNZ4AwWz5GLUYyeoFM+pdKWNhhJSQgIryzWenoNexLcSJM5+p6QUlIp\n+UqgyarF57B0jzxi+c85zhUhuzyO44jLp/RXBp6iTuM3IMRtjdqYPcAJosh7r9KG\nomqLSiuh1WziYHQsrrwQp4FJ4mKnd3lzoEJSu9OG8gqE6mpTLkIH0Bn1skQveYdJ\nOeRfk2PtUpW1/VI27xMPbvvlcJQV8ZoFw4C+2S5yBKZPdZtbrknupgnu//Y2E2Bs\nTj4mW+0gJKlZxinXk27FkvlWNi7C1ezpzZ6xs8sgNGvz4pRz5z5ElK6ydUNtMx4Z\ntobuzM3XilNl7RILFNsDLHxM0QAehsBcb+iqCvIS6uAkDP2bViRLJG9SLLknI2fi\nLJC5vbroHL4pShC0hUQUCsSBadjzg6SB4bBGzq2L3lvzwpEa+p/MtC25HksCAwEA\nAQKCAgEAmLbBnp8dsh+sT7A2LJ+BqxtPQv3l3NA3QdsqU6UPjoymW5LD9CEPkaVx\npUnPJtJfIROh3WMQnO8SIs+V6okHvU7Hxzgat8XDxdnYbzOxdph8NN8BJihVDTXc\nGXARSZFLQCbgdWHXJ/ZAzSb7sGlCaq64OrZ5iSGN2+s2i3OssnSVSWZNgiGkfKoW\nlXugIP0P/pmYs/LYUt9LzV7kO9AA9GDrra3Wfn5rUSYOX4A3VaC7HHxPbcadSlCw\n/QvoN8FN81Wu2PZAfNUyPMOPkOLeBtXbCWKacAzKpBBPqfnfzYUqSF4TqOGrJ39z\ntDj4cmEnhONI5LaQ6OVv9Ybhyqy9C2k+K5oFH/+7AAUw8/hYLad5w8t7kWZ1oGP3\nALQ2HSdaK4wYlgRiE5a8CfeudBkS8L+fNR1DxVXVAE6qIpGoqqiyF2PA9jcp21ip\nJpdsZonOU9MIbRu54Umo9NCxtZL16mFIvU/4fFtgZ6FMDNCJifuAmJrOi52wCSmg\nxIIS491Sp4CUyPtGWJjv2xc9mfAT/EOh3V2Dzzc64QYPl4ZR16kgIwZ9kAiDpV/I\n6+7CBIiTV7ixPN0RMvpsbKww6uWaDLhpEEhTYIKC3hFkbxFnMwBNUEbLGqdokSA8\n5PmBQm4HRH0sj+n6wR29Eb53Ta4BTi2Sgc3rkJPZtgKqs4dsNMECggEBAOFCHwTx\n6cOaT+DB/wvk4rrsZHQcRrm/yYUyQojO7BoypBW+CJEGGrD/FWaZZcBCVbyPQneN\nA43+6ngnwioSydjgG7z6Csozuyhew6ahp4XS1u7nV7XIj4C/2BZlRDnedVHRr5NA\nECW7f5sjtusvZJoVkyvRzxe1c74vcX5kdqbfnl/D2TYz35myTdc+4HgPkO1EI9HV\nddKF73iJqjO9aPf8sCHxHAeDrbU/x9xRssEEDOhuPE62LlWDXWaFOztoxNkMhGdf\nmNyArrXLEh0LPqkkvHgwkDGfN43Go8DwubsDlnWHpXdEt8qYUOAXvDFHqLtwkBEv\nNc/5JqmeqDEIN70CggEBAPYyXkeXkSQ6OEGk/S2gWb5Y1xvs7KKdc3nBbHCbAUmU\nKFC+runs2d1HkI3c9LygxKxx9pvUSow2tSlvXP+8+4/PkLx6Cgrgmrv/VeEZZmMr\n2prj9Nn//kTLiSAd0ypxOkkgXL1LtEFKhaWYoZAyDOcg4IN4Mdx64yo7DMkJ71xd\nwRZMGd4AUQA0jHpsddSA0jCh2velg2/ox6uSlwU2OQzvzTMI30M+XGJSRoXlcUUl\n4eQUtTragLwTNaBs/5+Hp8kF/1rTNecxFM/gksEnTIfI3B6TPMjEH7o9rmoaT0OB\nwLlxJkYhMcPkwQszxrD2CaAu0GUz0u4zugFCF/Gy6qcCggEBAJe1GoMQEiokgWuT\n/BucmX7euoDgklmDa0uDn//XrHewZ4YlKEvT2qIeCeHBqh+kDW4i5dbyZ9R4PJ2T\n2VbQtJSVytipZh7sXD5CJG7TLKoaZ5sav520Z8GEcxoSNbLrugPSvvbjDHz9HGH1\n2bnnf0+u/CFk+p6zHDKYbU18h9S3gkho9J9mrE8tIPO4ayExCqBhZeZqZyHUBoYd\n4T1bcZii3FTft8rvykvpmsctVsBb4/2eUIuKcwYwpPTpAg1u8DRmE74zShYnrILP\nM3HQIvFzxmMEAfkJjDa18498EPp83hZltvDunQGbN8zU73AZHPCwTLbmHs3ktT9D\nlW8AY9kCggEAYtM3Gx/RKCyill8nLeB3BbxdpJ0HJAN17gLhh5YA/0sUn8zbI5Vq\norNuaDOwneMe72XTqxudTQlM0TQdrZ5rkH+uRqnqTBF6q0pEa9YpTle1KYWlrLhg\nlbbp9VVjhV7sGZx+/ZFc6vSCD0XkXKBqo4CD/uIJicpeU35elHiDd50+u7eSjpWr\n7hwp456T8dhABzuBTPVIfGyBcfKm4nWwkuvTf8/o5vIqXWFPY8IFJM+fDFHvqY86\nK8S+OwZl2eC3Ti81IH013vbJtuQbpKMkykCrcy6BMMnhPn4x++9Rr/Ruq0GrLm12\nr36sqtV+xVwN4xnHl0glPG7RFF42hFPgcwKCAQAjKhOGiHnHyW/Ac/3x8spYzpG7\n2O54lGpbgXLwuYtVihoxXnZaP7nHNEWrp00h730udnPjKxbi6o7LELQwpCqFHTII\n1/vx+hcxWjjL/1V2r9uM8ssZTWBxq+yDDYCZmHG4lhsvNxfcyBur9BrvukJitkEN\ncfBmkvi9UrRnRtEQ+agUEiCZ+rWAKHZebY8832mzFJeiYiRTImqPC/UCoatjyp2F\n+Gigt8H8s63Im9W81YT1D5ZZihH22nEJ+vBgPygSb+8ozmhrwNugYcgk/b30CMdI\nIEkNDzfL1krIFJlV7qI0BiQ6q+x9LzP7PQxX/I/EOCLMjHCFDtIav4zHH9AK\n-----END RSA PRIVATE KEY-----\n",
            "content_base64": null,
            "content_disposition": "",
            "content_encoding": "",
            "content_language": "",
            "content_type": "application/octet-stream",
            "etag": "9e8c9d2f6038353c19c4c65c95d26b3b",
            "force_destroy": false,
            "id": "ansible-key.pem",
            "key": "ansible-key.pem",
            "kms_key_id": null,
            "metadata": null,
            "object_lock_legal_hold_status": "",
            "object_lock_mode": "",
            "object_lock_retain_until_date": "",
            "override_provider": [],
            "server_side_encryption": "AES256",
            "source": null,
            "source_hash": null,
            "storage_class": "STANDARD",
            "tags": null,
            "tags_all": {},
            "version_id": "",
            "website_redirect": ""
          },
          "sensitive_attributes": [
            [
              {
                "type": "get_attr",
                "value": "content"
              }
            ]
          ],
          "private": "bnVsbA==",
          "dependencies": [
            "module.ec2.tls_private_key.ssh"
          ]
        }
      ]
    },
    {
      "module": "module.ec2",
      "mode": "managed",
      "type": "aws_security_group",
      "name": "ec2_sg",
      "provider": "provider[\"registry.terraform.io/hashicorp/aws\"]",
      "instances": [
        {
          "schema_version": 1,
          "attributes": {
            "arn": "arn:aws:ec2:us-east-1:058264407486:security-group/sg-04c97c57c19c5a662",
            "description": "Allow SSH for first, restrict others",
            "egress": [
              {
                "cidr_blocks": [
                  "0.0.0.0/0"
                ],
                "description": "",
                "from_port": 0,
                "ipv6_cidr_blocks": [],
                "prefix_list_ids": [],
                "protocol": "-1",
                "security_groups": [],
                "self": false,
                "to_port": 0
              }
            ],
            "id": "sg-04c97c57c19c5a662",
            "ingress": [
              {
                "cidr_blocks": [
                  "0.0.0.0/0"
                ],
                "description": "",
                "from_port": 22,
                "ipv6_cidr_blocks": [],
                "prefix_list_ids": [],
                "protocol": "tcp",
                "security_groups": [],
                "self": false,
                "to_port": 22
              },
              {
                "cidr_blocks": [
                  "10.0.0.0/16"
                ],
                "description": "",
                "from_port": 22,
                "ipv6_cidr_blocks": [],
                "prefix_list_ids": [],
                "protocol": "tcp",
                "security_groups": [],
                "self": false,
                "to_port": 22
              }
            ],
            "name": "ansible-lab-sg",
            "name_prefix": "",
            "owner_id": "058264407486",
            "revoke_rules_on_delete": false,
            "tags": null,
            "tags_all": {},
            "timeouts": null,
            "vpc_id": "vpc-0093d8f24745dab27"
          },
          "sensitive_attributes": [],
          "private": "eyJlMmJmYjczMC1lY2FhLTExZTYtOGY4OC0zNDM2M2JjN2M0YzAiOnsiY3JlYXRlIjo2MDAwMDAwMDAwMDAsImRlbGV0ZSI6OTAwMDAwMDAwMDAwfSwic2NoZW1hX3ZlcnNpb24iOiIxIn0=",
          "dependencies": [
            "module.vpc.aws_vpc.main"
          ]
        }
      ]
    },
    {
      "module": "module.ec2",
      "mode": "managed",
      "type": "tls_private_key",
      "name": "ssh",
      "provider": "provider[\"registry.terraform.io/hashicorp/tls\"]",
      "instances": [
        {
          "index_key": 0,
          "schema_version": 1,
          "attributes": {
            "algorithm": "RSA",
            "ecdsa_curve": "P224",
            "id": "ee68741899cf8f1c43d93115fc4212d5562efcf8",
            "private_key_openssh": "-----BEGIN OPENSSH PRIVATE KEY-----\nb3BlbnNzaC1rZXktdjEAAAAABG5vbmUAAAAEbm9uZQAAAAAAAAABAAACFwAAAAdz\nc2gtcnNhAAAAAwEAAQAAAgEA2KHbrhWGA3Ft41gdPVanW0G1beA4iNU+vK17idDD\nVWamGh2yo8d06RwUGJ8qbSV9sRwTmVyA6KMJc9datXojlkRiLXscxNLN1vAqQFgh\nNxFCbz1AcEsnyzhkzN4PIBBtrY9RrXjdswfOXtGMQOzSOuAOD2tYFF034obzfegb\nhJhbe+AIYW4xuk6RqajKp0g3pzfDFA5uO8w3ZI2Ygbrq4RzyeM4QeFYNeT9X72nD\nNoZo3fO+GCYBxz9opfNZ4AwWz5GLUYyeoFM+pdKWNhhJSQgIryzWenoNexLcSJM5\n+p6QUlIp+UqgyarF57B0jzxi+c85zhUhuzyO44jLp/RXBp6iTuM3IMRtjdqYPcAJ\nosh7r9KGomqLSiuh1WziYHQsrrwQp4FJ4mKnd3lzoEJSu9OG8gqE6mpTLkIH0Bn1\nskQveYdJOeRfk2PtUpW1/VI27xMPbvvlcJQV8ZoFw4C+2S5yBKZPdZtbrknupgnu\n//Y2E2BsTj4mW+0gJKlZxinXk27FkvlWNi7C1ezpzZ6xs8sgNGvz4pRz5z5ElK6y\ndUNtMx4ZtobuzM3XilNl7RILFNsDLHxM0QAehsBcb+iqCvIS6uAkDP2bViRLJG9S\nLLknI2fiLJC5vbroHL4pShC0hUQUCsSBadjzg6SB4bBGzq2L3lvzwpEa+p/MtC25\nHksAAAc4fogvXH6IL1wAAAAHc3NoLXJzYQAAAgEA2KHbrhWGA3Ft41gdPVanW0G1\nbeA4iNU+vK17idDDVWamGh2yo8d06RwUGJ8qbSV9sRwTmVyA6KMJc9datXojlkRi\nLXscxNLN1vAqQFghNxFCbz1AcEsnyzhkzN4PIBBtrY9RrXjdswfOXtGMQOzSOuAO\nD2tYFF034obzfegbhJhbe+AIYW4xuk6RqajKp0g3pzfDFA5uO8w3ZI2Ygbrq4Rzy\neM4QeFYNeT9X72nDNoZo3fO+GCYBxz9opfNZ4AwWz5GLUYyeoFM+pdKWNhhJSQgI\nryzWenoNexLcSJM5+p6QUlIp+UqgyarF57B0jzxi+c85zhUhuzyO44jLp/RXBp6i\nTuM3IMRtjdqYPcAJosh7r9KGomqLSiuh1WziYHQsrrwQp4FJ4mKnd3lzoEJSu9OG\n8gqE6mpTLkIH0Bn1skQveYdJOeRfk2PtUpW1/VI27xMPbvvlcJQV8ZoFw4C+2S5y\nBKZPdZtbrknupgnu//Y2E2BsTj4mW+0gJKlZxinXk27FkvlWNi7C1ezpzZ6xs8sg\nNGvz4pRz5z5ElK6ydUNtMx4ZtobuzM3XilNl7RILFNsDLHxM0QAehsBcb+iqCvIS\n6uAkDP2bViRLJG9SLLknI2fiLJC5vbroHL4pShC0hUQUCsSBadjzg6SB4bBGzq2L\n3lvzwpEa+p/MtC25HksAAAADAQABAAACAQCYtsGenx2yH6xPsDYsn4GrG09C/eXc\n0DdB2ypTpQ+OjKZbksP0IQ+RpXGlSc8m0l8hE6HdYxCc7xIiz5XqiQe9TsfHOBq3\nxcPF2dhvM7F2mHw03wEmKFUNNdwZcBFJkUtAJuB1Ydcn9kDNJvuwaUJqrrg6tnmJ\nIY3b6zaLc6yydJVJZk2CIaR8qhaVe6Ag/Q/+mZiz8thS30vNXuQ70AD0YOutrdZ+\nfmtRJg5fgDdVoLscfE9txp1KULD9C+g3wU3zVa7Y9kB81TI8w4+Q4t4G1dsJYppw\nDMqkEE+p+d/NhSpIXhOo4asnf3O0OPhyYSeE40jktpDo5W/1huHKrL0LaT4rmgUf\n/7sABTDz+Fgtp3nDy3uRZnWgY/cAtDYdJ1orjBiWBGITlrwJ9650GRLwv581HUPF\nVdUATqoikaiqqLIXY8D2NynbWKkml2xmic5T0whtG7nhSaj00LG1kvXqYUi9T/h8\nW2BnoUwM0ImJ+4CYms6LnbAJKaDEghLj3VKngJTI+0ZYmO/bFz2Z8BP8Q6HdXYPP\nNzrhBg+XhlHXqSAjBn2QCIOlX8jr7sIEiJNXuLE83REy+mxsrDDq5ZoMuGkQSFNg\ngoLeEWRvEWczAE1QRssap2iRIDzk+YFCbgdEfSyP6frBHb0RvndNrgFOLZKBzeuQ\nk9m2Aqqzh2w0wQAAAQAjKhOGiHnHyW/Ac/3x8spYzpG72O54lGpbgXLwuYtVihox\nXnZaP7nHNEWrp00h730udnPjKxbi6o7LELQwpCqFHTII1/vx+hcxWjjL/1V2r9uM\n8ssZTWBxq+yDDYCZmHG4lhsvNxfcyBur9BrvukJitkENcfBmkvi9UrRnRtEQ+agU\nEiCZ+rWAKHZebY8832mzFJeiYiRTImqPC/UCoatjyp2F+Gigt8H8s63Im9W81YT1\nD5ZZihH22nEJ+vBgPygSb+8ozmhrwNugYcgk/b30CMdIIEkNDzfL1krIFJlV7qI0\nBiQ6q+x9LzP7PQxX/I/EOCLMjHCFDtIav4zHH9AKAAABAQDhQh8E8enDmk/gwf8L\n5OK67GR0HEa5v8mFMkKIzuwaMqQVvgiRBhqw/xVmmWXAQlW8j0J3jQON/up4J8Iq\nEsnY4Bu8+grKM7soXsOmoaeF0tbu51e1yI+Av9gWZUQ53nVR0a+TQBAlu3+bI7br\nL2SaFZMr0c8XtXO+L3F+ZHam355fw9k2M9+Zsk3XPuB4D5DtRCPR1XXShe94iaoz\nvWj3/LAh8RwHg621P8fcUbLBBAzobjxOti5Vg11mhTs7aMTZDIRnX5jcgK61yxId\nCz6pJLx4MJAxnzeNxqPA8Lm7A5Z1h6V3RLfKmFDgF7wxR6i7cJARLzXP+Sapnqgx\nCDe9AAABAQD2Ml5Hl5EkOjhBpP0toFm+WNcb7OyinXN5wWxwmwFJlChQvq7p7Nnd\nR5CN3PS8oMSscfab1EqMNrUpb1z/vPuPz5C8egoK4Jq7/1XhGWZjK9qa4/TZ//5E\ny4kgHdMqcTpJIFy9S7RBSoWlmKGQMgznIOCDeDHceuMqOwzJCe9cXcEWTBneAFEA\nNIx6bHXUgNIwodr3pYNv6MerkpcFNjkM780zCN9DPlxiUkaF5XFFJeHkFLU62oC8\nEzWgbP+fh6fJBf9a0zXnMRTP4JLBJ0yHyNwekzzIxB+6Pa5qGk9DgcC5cSZGITHD\n5MELM8aw9gmgLtBlM9LuM7oBQhfxsuqnAAAAAAEC\n-----END OPENSSH PRIVATE KEY-----\n",
            "private_key_pem": "-----BEGIN RSA PRIVATE KEY-----\nMIIJKQIBAAKCAgEA2KHbrhWGA3Ft41gdPVanW0G1beA4iNU+vK17idDDVWamGh2y\no8d06RwUGJ8qbSV9sRwTmVyA6KMJc9datXojlkRiLXscxNLN1vAqQFghNxFCbz1A\ncEsnyzhkzN4PIBBtrY9RrXjdswfOXtGMQOzSOuAOD2tYFF034obzfegbhJhbe+AI\nYW4xuk6RqajKp0g3pzfDFA5uO8w3ZI2Ygbrq4RzyeM4QeFYNeT9X72nDNoZo3fO+\nGCYBxz9opfNZ4AwWz5GLUYyeoFM+pdKWNhhJSQgIryzWenoNexLcSJM5+p6QUlIp\n+UqgyarF57B0jzxi+c85zhUhuzyO44jLp/RXBp6iTuM3IMRtjdqYPcAJosh7r9KG\nomqLSiuh1WziYHQsrrwQp4FJ4mKnd3lzoEJSu9OG8gqE6mpTLkIH0Bn1skQveYdJ\nOeRfk2PtUpW1/VI27xMPbvvlcJQV8ZoFw4C+2S5yBKZPdZtbrknupgnu//Y2E2Bs\nTj4mW+0gJKlZxinXk27FkvlWNi7C1ezpzZ6xs8sgNGvz4pRz5z5ElK6ydUNtMx4Z\ntobuzM3XilNl7RILFNsDLHxM0QAehsBcb+iqCvIS6uAkDP2bViRLJG9SLLknI2fi\nLJC5vbroHL4pShC0hUQUCsSBadjzg6SB4bBGzq2L3lvzwpEa+p/MtC25HksCAwEA\nAQKCAgEAmLbBnp8dsh+sT7A2LJ+BqxtPQv3l3NA3QdsqU6UPjoymW5LD9CEPkaVx\npUnPJtJfIROh3WMQnO8SIs+V6okHvU7Hxzgat8XDxdnYbzOxdph8NN8BJihVDTXc\nGXARSZFLQCbgdWHXJ/ZAzSb7sGlCaq64OrZ5iSGN2+s2i3OssnSVSWZNgiGkfKoW\nlXugIP0P/pmYs/LYUt9LzV7kO9AA9GDrra3Wfn5rUSYOX4A3VaC7HHxPbcadSlCw\n/QvoN8FN81Wu2PZAfNUyPMOPkOLeBtXbCWKacAzKpBBPqfnfzYUqSF4TqOGrJ39z\ntDj4cmEnhONI5LaQ6OVv9Ybhyqy9C2k+K5oFH/+7AAUw8/hYLad5w8t7kWZ1oGP3\nALQ2HSdaK4wYlgRiE5a8CfeudBkS8L+fNR1DxVXVAE6qIpGoqqiyF2PA9jcp21ip\nJpdsZonOU9MIbRu54Umo9NCxtZL16mFIvU/4fFtgZ6FMDNCJifuAmJrOi52wCSmg\nxIIS491Sp4CUyPtGWJjv2xc9mfAT/EOh3V2Dzzc64QYPl4ZR16kgIwZ9kAiDpV/I\n6+7CBIiTV7ixPN0RMvpsbKww6uWaDLhpEEhTYIKC3hFkbxFnMwBNUEbLGqdokSA8\n5PmBQm4HRH0sj+n6wR29Eb53Ta4BTi2Sgc3rkJPZtgKqs4dsNMECggEBAOFCHwTx\n6cOaT+DB/wvk4rrsZHQcRrm/yYUyQojO7BoypBW+CJEGGrD/FWaZZcBCVbyPQneN\nA43+6ngnwioSydjgG7z6Csozuyhew6ahp4XS1u7nV7XIj4C/2BZlRDnedVHRr5NA\nECW7f5sjtusvZJoVkyvRzxe1c74vcX5kdqbfnl/D2TYz35myTdc+4HgPkO1EI9HV\nddKF73iJqjO9aPf8sCHxHAeDrbU/x9xRssEEDOhuPE62LlWDXWaFOztoxNkMhGdf\nmNyArrXLEh0LPqkkvHgwkDGfN43Go8DwubsDlnWHpXdEt8qYUOAXvDFHqLtwkBEv\nNc/5JqmeqDEIN70CggEBAPYyXkeXkSQ6OEGk/S2gWb5Y1xvs7KKdc3nBbHCbAUmU\nKFC+runs2d1HkI3c9LygxKxx9pvUSow2tSlvXP+8+4/PkLx6Cgrgmrv/VeEZZmMr\n2prj9Nn//kTLiSAd0ypxOkkgXL1LtEFKhaWYoZAyDOcg4IN4Mdx64yo7DMkJ71xd\nwRZMGd4AUQA0jHpsddSA0jCh2velg2/ox6uSlwU2OQzvzTMI30M+XGJSRoXlcUUl\n4eQUtTragLwTNaBs/5+Hp8kF/1rTNecxFM/gksEnTIfI3B6TPMjEH7o9rmoaT0OB\nwLlxJkYhMcPkwQszxrD2CaAu0GUz0u4zugFCF/Gy6qcCggEBAJe1GoMQEiokgWuT\n/BucmX7euoDgklmDa0uDn//XrHewZ4YlKEvT2qIeCeHBqh+kDW4i5dbyZ9R4PJ2T\n2VbQtJSVytipZh7sXD5CJG7TLKoaZ5sav520Z8GEcxoSNbLrugPSvvbjDHz9HGH1\n2bnnf0+u/CFk+p6zHDKYbU18h9S3gkho9J9mrE8tIPO4ayExCqBhZeZqZyHUBoYd\n4T1bcZii3FTft8rvykvpmsctVsBb4/2eUIuKcwYwpPTpAg1u8DRmE74zShYnrILP\nM3HQIvFzxmMEAfkJjDa18498EPp83hZltvDunQGbN8zU73AZHPCwTLbmHs3ktT9D\nlW8AY9kCggEAYtM3Gx/RKCyill8nLeB3BbxdpJ0HJAN17gLhh5YA/0sUn8zbI5Vq\norNuaDOwneMe72XTqxudTQlM0TQdrZ5rkH+uRqnqTBF6q0pEa9YpTle1KYWlrLhg\nlbbp9VVjhV7sGZx+/ZFc6vSCD0XkXKBqo4CD/uIJicpeU35elHiDd50+u7eSjpWr\n7hwp456T8dhABzuBTPVIfGyBcfKm4nWwkuvTf8/o5vIqXWFPY8IFJM+fDFHvqY86\nK8S+OwZl2eC3Ti81IH013vbJtuQbpKMkykCrcy6BMMnhPn4x++9Rr/Ruq0GrLm12\nr36sqtV+xVwN4xnHl0glPG7RFF42hFPgcwKCAQAjKhOGiHnHyW/Ac/3x8spYzpG7\n2O54lGpbgXLwuYtVihoxXnZaP7nHNEWrp00h730udnPjKxbi6o7LELQwpCqFHTII\n1/vx+hcxWjjL/1V2r9uM8ssZTWBxq+yDDYCZmHG4lhsvNxfcyBur9BrvukJitkEN\ncfBmkvi9UrRnRtEQ+agUEiCZ+rWAKHZebY8832mzFJeiYiRTImqPC/UCoatjyp2F\n+Gigt8H8s63Im9W81YT1D5ZZihH22nEJ+vBgPygSb+8ozmhrwNugYcgk/b30CMdI\nIEkNDzfL1krIFJlV7qI0BiQ6q+x9LzP7PQxX/I/EOCLMjHCFDtIav4zHH9AK\n-----END RSA PRIVATE KEY-----\n",
            "private_key_pem_pkcs8": "-----BEGIN PRIVATE KEY-----\nMIIJQwIBADANBgkqhkiG9w0BAQEFAASCCS0wggkpAgEAAoICAQDYoduuFYYDcW3j\nWB09VqdbQbVt4DiI1T68rXuJ0MNVZqYaHbKjx3TpHBQYnyptJX2xHBOZXIDoowlz\n11q1eiOWRGItexzE0s3W8CpAWCE3EUJvPUBwSyfLOGTM3g8gEG2tj1GteN2zB85e\n0YxA7NI64A4Pa1gUXTfihvN96BuEmFt74AhhbjG6TpGpqMqnSDenN8MUDm47zDdk\njZiBuurhHPJ4zhB4Vg15P1fvacM2hmjd874YJgHHP2il81ngDBbPkYtRjJ6gUz6l\n0pY2GElJCAivLNZ6eg17EtxIkzn6npBSUin5SqDJqsXnsHSPPGL5zznOFSG7PI7j\niMun9FcGnqJO4zcgxG2N2pg9wAmiyHuv0oaiaotKK6HVbOJgdCyuvBCngUniYqd3\neXOgQlK704byCoTqalMuQgfQGfWyRC95h0k55F+TY+1SlbX9UjbvEw9u++VwlBXx\nmgXDgL7ZLnIEpk91m1uuSe6mCe7/9jYTYGxOPiZb7SAkqVnGKdeTbsWS+VY2LsLV\n7OnNnrGzyyA0a/PilHPnPkSUrrJ1Q20zHhm2hu7MzdeKU2XtEgsU2wMsfEzRAB6G\nwFxv6KoK8hLq4CQM/ZtWJEskb1IsuScjZ+IskLm9uugcvilKELSFRBQKxIFp2POD\npIHhsEbOrYveW/PCkRr6n8y0LbkeSwIDAQABAoICAQCYtsGenx2yH6xPsDYsn4Gr\nG09C/eXc0DdB2ypTpQ+OjKZbksP0IQ+RpXGlSc8m0l8hE6HdYxCc7xIiz5XqiQe9\nTsfHOBq3xcPF2dhvM7F2mHw03wEmKFUNNdwZcBFJkUtAJuB1Ydcn9kDNJvuwaUJq\nrrg6tnmJIY3b6zaLc6yydJVJZk2CIaR8qhaVe6Ag/Q/+mZiz8thS30vNXuQ70AD0\nYOutrdZ+fmtRJg5fgDdVoLscfE9txp1KULD9C+g3wU3zVa7Y9kB81TI8w4+Q4t4G\n1dsJYppwDMqkEE+p+d/NhSpIXhOo4asnf3O0OPhyYSeE40jktpDo5W/1huHKrL0L\naT4rmgUf/7sABTDz+Fgtp3nDy3uRZnWgY/cAtDYdJ1orjBiWBGITlrwJ9650GRLw\nv581HUPFVdUATqoikaiqqLIXY8D2NynbWKkml2xmic5T0whtG7nhSaj00LG1kvXq\nYUi9T/h8W2BnoUwM0ImJ+4CYms6LnbAJKaDEghLj3VKngJTI+0ZYmO/bFz2Z8BP8\nQ6HdXYPPNzrhBg+XhlHXqSAjBn2QCIOlX8jr7sIEiJNXuLE83REy+mxsrDDq5ZoM\nuGkQSFNggoLeEWRvEWczAE1QRssap2iRIDzk+YFCbgdEfSyP6frBHb0RvndNrgFO\nLZKBzeuQk9m2Aqqzh2w0wQKCAQEA4UIfBPHpw5pP4MH/C+TiuuxkdBxGub/JhTJC\niM7sGjKkFb4IkQYasP8VZpllwEJVvI9Cd40Djf7qeCfCKhLJ2OAbvPoKyjO7KF7D\npqGnhdLW7udXtciPgL/YFmVEOd51UdGvk0AQJbt/myO26y9kmhWTK9HPF7Vzvi9x\nfmR2pt+eX8PZNjPfmbJN1z7geA+Q7UQj0dV10oXveImqM71o9/ywIfEcB4OttT/H\n3FGywQQM6G48TrYuVYNdZoU7O2jE2QyEZ1+Y3ICutcsSHQs+qSS8eDCQMZ83jcaj\nwPC5uwOWdYeld0S3yphQ4Be8MUeou3CQES81z/kmqZ6oMQg3vQKCAQEA9jJeR5eR\nJDo4QaT9LaBZvljXG+zsop1zecFscJsBSZQoUL6u6ezZ3UeQjdz0vKDErHH2m9RK\njDa1KW9c/7z7j8+QvHoKCuCau/9V4RlmYyvamuP02f/+RMuJIB3TKnE6SSBcvUu0\nQUqFpZihkDIM5yDgg3gx3HrjKjsMyQnvXF3BFkwZ3gBRADSMemx11IDSMKHa96WD\nb+jHq5KXBTY5DO/NMwjfQz5cYlJGheVxRSXh5BS1OtqAvBM1oGz/n4enyQX/WtM1\n5zEUz+CSwSdMh8jcHpM8yMQfuj2uahpPQ4HAuXEmRiExw+TBCzPGsPYJoC7QZTPS\n7jO6AUIX8bLqpwKCAQEAl7UagxASKiSBa5P8G5yZft66gOCSWYNrS4Of/9esd7Bn\nhiUoS9Paoh4J4cGqH6QNbiLl1vJn1Hg8nZPZVtC0lJXK2KlmHuxcPkIkbtMsqhpn\nmxq/nbRnwYRzGhI1suu6A9K+9uMMfP0cYfXZued/T678IWT6nrMcMphtTXyH1LeC\nSGj0n2asTy0g87hrITEKoGFl5mpnIdQGhh3hPVtxmKLcVN+3yu/KS+maxy1WwFvj\n/Z5Qi4pzBjCk9OkCDW7wNGYTvjNKFiesgs8zcdAi8XPGYwQB+QmMNrXzj3wQ+nze\nFmW28O6dAZs3zNTvcBkc8LBMtuYezeS1P0OVbwBj2QKCAQBi0zcbH9EoLKKWXyct\n4HcFvF2knQckA3XuAuGHlgD/SxSfzNsjlWqis25oM7Cd4x7vZdOrG51NCUzRNB2t\nnmuQf65GqepMEXqrSkRr1ilOV7UphaWsuGCVtun1VWOFXuwZnH79kVzq9IIPReRc\noGqjgIP+4gmJyl5Tfl6UeIN3nT67t5KOlavuHCnjnpPx2EAHO4FM9Uh8bIFx8qbi\ndbCS69N/z+jm8ipdYU9jwgUkz58MUe+pjzorxL47BmXZ4LdOLzUgfTXe9sm25Buk\noyTKQKtzLoEwyeE+fjH771Gv9G6rQasubXavfqyq1X7FXA3jGceXSCU8btEUXjaE\nU+BzAoIBACMqE4aIecfJb8Bz/fHyyljOkbvY7niUaluBcvC5i1WKGjFedlo/ucc0\nRaunTSHvfS52c+MrFuLqjssQtDCkKoUdMgjX+/H6FzFaOMv/VXav24zyyxlNYHGr\n7IMNgJmYcbiWGy83F9zIG6v0Gu+6QmK2QQ1x8GaS+L1StGdG0RD5qBQSIJn6tYAo\ndl5tjzzfabMUl6JiJFMiao8L9QKhq2PKnYX4aKC3wfyzrcib1bzVhPUPllmKEfba\ncQn68GA/KBJv7yjOaGvA26BhyCT9vfQIx0ggSQ0PN8vWSsgUmVXuojQGJDqr7H0v\nM/s9DFf8j8Q4IsyMcIUO0hq/jMcf0Ao=\n-----END PRIVATE KEY-----\n",
            "public_key_fingerprint_md5": "01:ec:aa:9e:df:81:22:bb:7a:5a:0d:e5:8e:a1:f7:37",
            "public_key_fingerprint_sha256": "SHA256:MGh8lmtYF1S98teba/c+Xz+p0WgjtULJx/6h3QWZYs4",
            "public_key_openssh": "ssh-rsa AAAAB3NzaC1yc2EAAAADAQABAAACAQDYoduuFYYDcW3jWB09VqdbQbVt4DiI1T68rXuJ0MNVZqYaHbKjx3TpHBQYnyptJX2xHBOZXIDoowlz11q1eiOWRGItexzE0s3W8CpAWCE3EUJvPUBwSyfLOGTM3g8gEG2tj1GteN2zB85e0YxA7NI64A4Pa1gUXTfihvN96BuEmFt74AhhbjG6TpGpqMqnSDenN8MUDm47zDdkjZiBuurhHPJ4zhB4Vg15P1fvacM2hmjd874YJgHHP2il81ngDBbPkYtRjJ6gUz6l0pY2GElJCAivLNZ6eg17EtxIkzn6npBSUin5SqDJqsXnsHSPPGL5zznOFSG7PI7jiMun9FcGnqJO4zcgxG2N2pg9wAmiyHuv0oaiaotKK6HVbOJgdCyuvBCngUniYqd3eXOgQlK704byCoTqalMuQgfQGfWyRC95h0k55F+TY+1SlbX9UjbvEw9u++VwlBXxmgXDgL7ZLnIEpk91m1uuSe6mCe7/9jYTYGxOPiZb7SAkqVnGKdeTbsWS+VY2LsLV7OnNnrGzyyA0a/PilHPnPkSUrrJ1Q20zHhm2hu7MzdeKU2XtEgsU2wMsfEzRAB6GwFxv6KoK8hLq4CQM/ZtWJEskb1IsuScjZ+IskLm9uugcvilKELSFRBQKxIFp2PODpIHhsEbOrYveW/PCkRr6n8y0LbkeSw==\n",
            "public_key_pem": "-----BEGIN PUBLIC KEY-----\nMIICIjANBgkqhkiG9w0BAQEFAAOCAg8AMIICCgKCAgEA2KHbrhWGA3Ft41gdPVan\nW0G1beA4iNU+vK17idDDVWamGh2yo8d06RwUGJ8qbSV9sRwTmVyA6KMJc9datXoj\nlkRiLXscxNLN1vAqQFghNxFCbz1AcEsnyzhkzN4PIBBtrY9RrXjdswfOXtGMQOzS\nOuAOD2tYFF034obzfegbhJhbe+AIYW4xuk6RqajKp0g3pzfDFA5uO8w3ZI2Ygbrq\n4RzyeM4QeFYNeT9X72nDNoZo3fO+GCYBxz9opfNZ4AwWz5GLUYyeoFM+pdKWNhhJ\nSQgIryzWenoNexLcSJM5+p6QUlIp+UqgyarF57B0jzxi+c85zhUhuzyO44jLp/RX\nBp6iTuM3IMRtjdqYPcAJosh7r9KGomqLSiuh1WziYHQsrrwQp4FJ4mKnd3lzoEJS\nu9OG8gqE6mpTLkIH0Bn1skQveYdJOeRfk2PtUpW1/VI27xMPbvvlcJQV8ZoFw4C+\n2S5yBKZPdZtbrknupgnu//Y2E2BsTj4mW+0gJKlZxinXk27FkvlWNi7C1ezpzZ6x\ns8sgNGvz4pRz5z5ElK6ydUNtMx4ZtobuzM3XilNl7RILFNsDLHxM0QAehsBcb+iq\nCvIS6uAkDP2bViRLJG9SLLknI2fiLJC5vbroHL4pShC0hUQUCsSBadjzg6SB4bBG\nzq2L3lvzwpEa+p/MtC25HksCAwEAAQ==\n-----END PUBLIC KEY-----\n",
            "rsa_bits": 4096
          },
          "sensitive_attributes": [
            [
              {
                "type": "get_attr",
                "value": "private_key_pem"
              }
            ],
            [
              {
                "type": "get_attr",
                "value": "private_key_pem_pkcs8"
              }
            ],
            [
              {
                "type": "get_attr",
                "value": "private_key_openssh"
              }
            ]
          ]
        }
      ]
    },
    {
      "module": "module.vpc",
      "mode": "managed",
      "type": "aws_internet_gateway",
      "name": "igw",
      "provider": "provider[\"registry.terraform.io/hashicorp/aws\"]",
      "instances": [
        {
          "schema_version": 0,
          "attributes": {
            "arn": "arn:aws:ec2:us-east-1:058264407486:internet-gateway/igw-0677531207adb90b5",
            "id": "igw-0677531207adb90b5",
            "owner_id": "058264407486",
            "tags": null,
            "tags_all": {},
            "timeouts": null,
            "vpc_id": "vpc-0093d8f24745dab27"
          },
          "sensitive_attributes": [],
          "private": "eyJlMmJmYjczMC1lY2FhLTExZTYtOGY4OC0zNDM2M2JjN2M0YzAiOnsiY3JlYXRlIjoxMjAwMDAwMDAwMDAwLCJkZWxldGUiOjEyMDAwMDAwMDAwMDAsInVwZGF0ZSI6MTIwMDAwMDAwMDAwMH19",
          "dependencies": [
            "module.vpc.aws_vpc.main"
          ]
        }
      ]
    },
    {
      "module": "module.vpc",
      "mode": "managed",
      "type": "aws_route",
      "name": "internet_access",
      "provider": "provider[\"registry.terraform.io/hashicorp/aws\"]",
      "instances": [
        {
          "schema_version": 0,
          "attributes": {
            "carrier_gateway_id": "",
            "core_network_arn": "",
            "destination_cidr_block": "0.0.0.0/0",
            "destination_ipv6_cidr_block": "",
            "destination_prefix_list_id": "",
            "egress_only_gateway_id": "",
            "gateway_id": "igw-0677531207adb90b5",
            "id": "r-rtb-0f6ab4abb2ce345671080289494",
            "instance_id": "",
            "instance_owner_id": "",
            "local_gateway_id": "",
            "nat_gateway_id": "",
            "network_interface_id": "",
            "origin": "CreateRoute",
            "route_table_id": "rtb-0f6ab4abb2ce34567",
            "state": "active",
            "timeouts": null,
            "transit_gateway_id": "",
            "vpc_endpoint_id": "",
            "vpc_peering_connection_id": ""
          },
          "sensitive_attributes": [],
          "private": "eyJlMmJmYjczMC1lY2FhLTExZTYtOGY4OC0zNDM2M2JjN2M0YzAiOnsiY3JlYXRlIjozMDAwMDAwMDAwMDAsImRlbGV0ZSI6MzAwMDAwMDAwMDAwLCJ1cGRhdGUiOjEyMDAwMDAwMDAwMH19",
          "dependencies": [
            "module.vpc.aws_internet_gateway.igw",
            "module.vpc.aws_route_table.public_rt",
            "module.vpc.aws_vpc.main"
          ]
        }
      ]
    },
    {
      "module": "module.vpc",
      "mode": "managed",
      "type": "aws_route_table",
      "name": "public_rt",
      "provider": "provider[\"registry.terraform.io/hashicorp/aws\"]",
      "instances": [
        {
          "schema_version": 0,
          "attributes": {
            "arn": "arn:aws:ec2:us-east-1:058264407486:route-table/rtb-0f6ab4abb2ce34567",
            "id": "rtb-0f6ab4abb2ce34567",
            "owner_id": "058264407486",
            "propagating_vgws": [],
            "route": [],
            "tags": null,
            "tags_all": {},
            "timeouts": null,
            "vpc_id": "vpc-0093d8f24745dab27"
          },
          "sensitive_attributes": [],
          "private": "eyJlMmJmYjczMC1lY2FhLTExZTYtOGY4OC0zNDM2M2JjN2M0YzAiOnsiY3JlYXRlIjozMDAwMDAwMDAwMDAsImRlbGV0ZSI6MzAwMDAwMDAwMDAwLCJ1cGRhdGUiOjEyMDAwMDAwMDAwMH19",
          "dependencies": [
            "module.vpc.aws_vpc.main"
          ]
        }
      ]
    },
    {
      "module": "module.vpc",
      "mode": "managed",
      "type": "aws_route_table_association",
      "name": "public_rt_assoc",
      "provider": "provider[\"registry.terraform.io/hashicorp/aws\"]",
      "instances": [
        {
          "index_key": 0,
          "schema_version": 0,
          "attributes": {
            "gateway_id": "",
            "id": "rtbassoc-0460a7248a1a3dd5a",
            "route_table_id": "rtb-0f6ab4abb2ce34567",
            "subnet_id": "subnet-0cb15f9d1724f59fb",
            "timeouts": null
          },
          "sensitive_attributes": [],
          "private": "eyJlMmJmYjczMC1lY2FhLTExZTYtOGY4OC0zNDM2M2JjN2M0YzAiOnsiY3JlYXRlIjozMDAwMDAwMDAwMDAsImRlbGV0ZSI6MzAwMDAwMDAwMDAwLCJ1cGRhdGUiOjEyMDAwMDAwMDAwMH19",
          "dependencies": [
            "module.vpc.aws_route_table.public_rt",
            "module.vpc.aws_subnet.public",
            "module.vpc.aws_vpc.main"
          ]
        },
        {
          "index_key": 1,
          "schema_version": 0,
          "attributes": {
            "gateway_id": "",
            "id": "rtbassoc-0314d1b3604c227eb",
            "route_table_id": "rtb-0f6ab4abb2ce34567",
            "subnet_id": "subnet-0cfe8850ce0598a90",
            "timeouts": null
          },
          "sensitive_attributes": [],
          "private": "eyJlMmJmYjczMC1lY2FhLTExZTYtOGY4OC0zNDM2M2JjN2M0YzAiOnsiY3JlYXRlIjozMDAwMDAwMDAwMDAsImRlbGV0ZSI6MzAwMDAwMDAwMDAwLCJ1cGRhdGUiOjEyMDAwMDAwMDAwMH19",
          "dependencies": [
            "module.vpc.aws_route_table.public_rt",
            "module.vpc.aws_subnet.public",
            "module.vpc.aws_vpc.main"
          ]
        }
      ]
    },
    {
      "module": "module.vpc",
      "mode": "managed",
      "type": "aws_subnet",
      "name": "public",
      "provider": "provider[\"registry.terraform.io/hashicorp/aws\"]",
      "instances": [
        {
          "index_key": 0,
          "schema_version": 1,
          "attributes": {
            "arn": "arn:aws:ec2:us-east-1:058264407486:subnet/subnet-0cb15f9d1724f59fb",
            "assign_ipv6_address_on_creation": false,
            "availability_zone": "us-east-1b",
            "availability_zone_id": "use1-az1",
            "cidr_block": "10.0.1.0/24",
            "customer_owned_ipv4_pool": "",
            "enable_dns64": false,
            "enable_lni_at_device_index": 0,
            "enable_resource_name_dns_a_record_on_launch": false,
            "enable_resource_name_dns_aaaa_record_on_launch": false,
            "id": "subnet-0cb15f9d1724f59fb",
            "ipv6_cidr_block": "",
            "ipv6_cidr_block_association_id": "",
            "ipv6_native": false,
            "map_customer_owned_ip_on_launch": false,
            "map_public_ip_on_launch": true,
            "outpost_arn": "",
            "owner_id": "058264407486",
            "private_dns_hostname_type_on_launch": "ip-name",
            "tags": null,
            "tags_all": {},
            "timeouts": null,
            "vpc_id": "vpc-0093d8f24745dab27"
          },
          "sensitive_attributes": [],
          "private": "eyJlMmJmYjczMC1lY2FhLTExZTYtOGY4OC0zNDM2M2JjN2M0YzAiOnsiY3JlYXRlIjo2MDAwMDAwMDAwMDAsImRlbGV0ZSI6MTIwMDAwMDAwMDAwMH0sInNjaGVtYV92ZXJzaW9uIjoiMSJ9",
          "dependencies": [
            "module.vpc.aws_vpc.main"
          ]
        },
        {
          "index_key": 1,
          "schema_version": 1,
          "attributes": {
            "arn": "arn:aws:ec2:us-east-1:058264407486:subnet/subnet-0cfe8850ce0598a90",
            "assign_ipv6_address_on_creation": false,
            "availability_zone": "us-east-1b",
            "availability_zone_id": "use1-az1",
            "cidr_block": "10.0.2.0/24",
            "customer_owned_ipv4_pool": "",
            "enable_dns64": false,
            "enable_lni_at_device_index": 0,
            "enable_resource_name_dns_a_record_on_launch": false,
            "enable_resource_name_dns_aaaa_record_on_launch": false,
            "id": "subnet-0cfe8850ce0598a90",
            "ipv6_cidr_block": "",
            "ipv6_cidr_block_association_id": "",
            "ipv6_native": false,
            "map_customer_owned_ip_on_launch": false,
            "map_public_ip_on_launch": true,
            "outpost_arn": "",
            "owner_id": "058264407486",
            "private_dns_hostname_type_on_launch": "ip-name",
            "tags": null,
            "tags_all": {},
            "timeouts": null,
            "vpc_id": "vpc-0093d8f24745dab27"
          },
          "sensitive_attributes": [],
          "private": "eyJlMmJmYjczMC1lY2FhLTExZTYtOGY4OC0zNDM2M2JjN2M0YzAiOnsiY3JlYXRlIjo2MDAwMDAwMDAwMDAsImRlbGV0ZSI6MTIwMDAwMDAwMDAwMH0sInNjaGVtYV92ZXJzaW9uIjoiMSJ9",
          "dependencies": [
            "module.vpc.aws_vpc.main"
          ]
        }
      ]
    },
    {
      "module": "module.vpc",
      "mode": "managed",
      "type": "aws_vpc",
      "name": "main",
      "provider": "provider[\"registry.terraform.io/hashicorp/aws\"]",
      "instances": [
        {
          "schema_version": 1,
          "attributes": {
            "arn": "arn:aws:ec2:us-east-1:058264407486:vpc/vpc-0093d8f24745dab27",
            "assign_generated_ipv6_cidr_block": false,
            "cidr_block": "10.0.0.0/16",
            "default_network_acl_id": "acl-02db1cc6b6b9b3ca0",
            "default_route_table_id": "rtb-0124a32ff672d53e6",
            "default_security_group_id": "sg-0113cb88f5bfcebf8",
            "dhcp_options_id": "dopt-0e4386d51f2e67957",
            "enable_dns_hostnames": true,
            "enable_dns_support": true,
            "enable_network_address_usage_metrics": false,
            "id": "vpc-0093d8f24745dab27",
            "instance_tenancy": "default",
            "ipv4_ipam_pool_id": null,
            "ipv4_netmask_length": null,
            "ipv6_association_id": "",
            "ipv6_cidr_block": "",
            "ipv6_cidr_block_network_border_group": "",
            "ipv6_ipam_pool_id": "",
            "ipv6_netmask_length": 0,
            "main_route_table_id": "rtb-0124a32ff672d53e6",
            "owner_id": "058264407486",
            "tags": null,
            "tags_all": {}
          },
          "sensitive_attributes": [],
          "private": "eyJzY2hlbWFfdmVyc2lvbiI6IjEifQ=="
        }
      ]
    }
  ],
  "check_results": null
}
